
Microsoft Visual Studio Solution File, Format Version 12.00
# Visual Studio 14
VisualStudioVersion = 14.0.24720.0
MinimumVisualStudioVersion = 10.0.40219.1
Project("{2150E333-8FDC-42A3-9474-1A3956D46DE8}") = "samples", "samples", "{A0F8276B-9A98-4DF7-B988-B0DC7CACF7ED}"
EndProject
Project("{2150E333-8FDC-42A3-9474-1A3956D46DE8}") = "src", "src", "{D5ADB894-50B3-437A-8C23-168B902E9DFC}"
	ProjectSection(SolutionItems) = preProject
		global.json = global.json
	EndProjectSection
EndProject
Project("{8BB2217D-0F2D-49D1-97BC-3654ED321F3B}") = "DanielAHill.AspNet.ApiActions", "src\DanielAHill.AspNet.ApiActions\DanielAHill.AspNet.ApiActions.xproj", "{8CE924C6-C257-41B5-8ED0-C38EE54FF2B3}"
EndProject
Project("{2150E333-8FDC-42A3-9474-1A3956D46DE8}") = "test", "test", "{7314D962-9479-46E3-987A-1B5A77EBE069}"
EndProject
Project("{8BB2217D-0F2D-49D1-97BC-3654ED321F3B}") = "ApiActionsSandbox.Web", "samples\ApiActionsSandbox.Web\ApiActionsSandbox.Web.xproj", "{D345E243-222D-422E-8A01-DF4BAFD0D0F0}"
EndProject
Project("{8BB2217D-0F2D-49D1-97BC-3654ED321F3B}") = "DanielAHill.AspNet.ApiActions.Abstractions", "src\DanielAHill.AspNet.ApiActions.Abstractions\DanielAHill.AspNet.ApiActions.Abstractions.xproj", "{38A7CE08-8FB9-4AFA-BB2C-211E02C078BF}"
EndProject
Project("{8BB2217D-0F2D-49D1-97BC-3654ED321F3B}") = "DanielAHill.AspNet.ApiActions.Abstractions.UnitTests", "test\DanielAHill.AspNet.ApiActions.Abstractions.UnitTests\DanielAHill.AspNet.ApiActions.Abstractions.UnitTests.xproj", "{4B9F3C57-4EB0-4D90-A740-044B20E3B2B5}"
EndProject
Project("{8BB2217D-0F2D-49D1-97BC-3654ED321F3B}") = "DanielAHill.AspNet.ApiActions.Testing.Helpers", "test\DanielAHill.AspNet.ApiActions.Testing.Helpers\DanielAHill.AspNet.ApiActions.Testing.Helpers.xproj", "{65204B8D-93A1-4A12-919E-D473A2458CD5}"
EndProject
Project("{8BB2217D-0F2D-49D1-97BC-3654ED321F3B}") = "DanielAHill.AspNet.ApiActions.UnitTests", "test\DanielAHill.AspNet.ApiActions.UnitTests\DanielAHill.AspNet.ApiActions.UnitTests.xproj", "{91042B7E-C8EE-432D-A0C2-940954DB5CBB}"
EndProject
Project("{8BB2217D-0F2D-49D1-97BC-3654ED321F3B}") = "DanielAHill.AspNet.ApiActions.Swagger", "src\DanielAHill.AspNet.ApiActions.Swagger\DanielAHill.AspNet.ApiActions.Swagger.xproj", "{69611B47-C93C-4CE8-A694-B0DFFDF1EFFF}"
EndProject
Global
	GlobalSection(SolutionConfigurationPlatforms) = preSolution
		Debug|Any CPU = Debug|Any CPU
		Release|Any CPU = Release|Any CPU
	EndGlobalSection
	GlobalSection(ProjectConfigurationPlatforms) = postSolution
		{8CE924C6-C257-41B5-8ED0-C38EE54FF2B3}.Debug|Any CPU.ActiveCfg = Debug|Any CPU
		{8CE924C6-C257-41B5-8ED0-C38EE54FF2B3}.Debug|Any CPU.Build.0 = Debug|Any CPU
		{8CE924C6-C257-41B5-8ED0-C38EE54FF2B3}.Release|Any CPU.ActiveCfg = Release|Any CPU
		{8CE924C6-C257-41B5-8ED0-C38EE54FF2B3}.Release|Any CPU.Build.0 = Release|Any CPU
		{D345E243-222D-422E-8A01-DF4BAFD0D0F0}.Debug|Any CPU.ActiveCfg = Debug|Any CPU
		{D345E243-222D-422E-8A01-DF4BAFD0D0F0}.Debug|Any CPU.Build.0 = Debug|Any CPU
		{D345E243-222D-422E-8A01-DF4BAFD0D0F0}.Release|Any CPU.ActiveCfg = Release|Any CPU
		{D345E243-222D-422E-8A01-DF4BAFD0D0F0}.Release|Any CPU.Build.0 = Release|Any CPU
		{38A7CE08-8FB9-4AFA-BB2C-211E02C078BF}.Debug|Any CPU.ActiveCfg = Debug|Any CPU
		{38A7CE08-8FB9-4AFA-BB2C-211E02C078BF}.Debug|Any CPU.Build.0 = Debug|Any CPU
		{38A7CE08-8FB9-4AFA-BB2C-211E02C078BF}.Release|Any CPU.ActiveCfg = Release|Any CPU
		{38A7CE08-8FB9-4AFA-BB2C-211E02C078BF}.Release|Any CPU.Build.0 = Release|Any CPU
		{4B9F3C57-4EB0-4D90-A740-044B20E3B2B5}.Debug|Any CPU.ActiveCfg = Debug|Any CPU
		{4B9F3C57-4EB0-4D90-A740-044B20E3B2B5}.Debug|Any CPU.Build.0 = Debug|Any CPU
		{4B9F3C57-4EB0-4D90-A740-044B20E3B2B5}.Release|Any CPU.ActiveCfg = Release|Any CPU
		{4B9F3C57-4EB0-4D90-A740-044B20E3B2B5}.Release|Any CPU.Build.0 = Release|Any CPU
		{65204B8D-93A1-4A12-919E-D473A2458CD5}.Debug|Any CPU.ActiveCfg = Debug|Any CPU
		{65204B8D-93A1-4A12-919E-D473A2458CD5}.Debug|Any CPU.Build.0 = Debug|Any CPU
		{65204B8D-93A1-4A12-919E-D473A2458CD5}.Release|Any CPU.ActiveCfg = Release|Any CPU
		{65204B8D-93A1-4A12-919E-D473A2458CD5}.Release|Any CPU.Build.0 = Release|Any CPU
		{91042B7E-C8EE-432D-A0C2-940954DB5CBB}.Debug|Any CPU.ActiveCfg = Debug|Any CPU
		{91042B7E-C8EE-432D-A0C2-940954DB5CBB}.Debug|Any CPU.Build.0 = Debug|Any CPU
		{91042B7E-C8EE-432D-A0C2-940954DB5CBB}.Release|Any CPU.ActiveCfg = Release|Any CPU
		{91042B7E-C8EE-432D-A0C2-940954DB5CBB}.Release|Any CPU.Build.0 = Release|Any CPU
		{69611B47-C93C-4CE8-A694-B0DFFDF1EFFF}.Debug|Any CPU.ActiveCfg = Debug|Any CPU
		{69611B47-C93C-4CE8-A694-B0DFFDF1EFFF}.Debug|Any CPU.Build.0 = Debug|Any CPU
		{69611B47-C93C-4CE8-A694-B0DFFDF1EFFF}.Release|Any CPU.ActiveCfg = Release|Any CPU
		{69611B47-C93C-4CE8-A694-B0DFFDF1EFFF}.Release|Any CPU.Build.0 = Release|Any CPU
	EndGlobalSection
	GlobalSection(SolutionProperties) = preSolution
		HideSolutionNode = FALSE
	EndGlobalSection
	GlobalSection(NestedProjects) = preSolution
		{8CE924C6-C257-41B5-8ED0-C38EE54FF2B3} = {D5ADB894-50B3-437A-8C23-168B902E9DFC}
		{D345E243-222D-422E-8A01-DF4BAFD0D0F0} = {A0F8276B-9A98-4DF7-B988-B0DC7CACF7ED}
		{38A7CE08-8FB9-4AFA-BB2C-211E02C078BF} = {D5ADB894-50B3-437A-8C23-168B902E9DFC}
		{4B9F3C57-4EB0-4D90-A740-044B20E3B2B5} = {7314D962-9479-46E3-987A-1B5A77EBE069}
		{65204B8D-93A1-4A12-919E-D473A2458CD5} = {7314D962-9479-46E3-987A-1B5A77EBE069}
		{91042B7E-C8EE-432D-A0C2-940954DB5CBB} = {7314D962-9479-46E3-987A-1B5A77EBE069}
		{69611B47-C93C-4CE8-A694-B0DFFDF1EFFF} = {D5ADB894-50B3-437A-8C23-168B902E9DFC}
	EndGlobalSection
EndGlobal
